
Microsoft Visual Studio Solution File, Format Version 12.00
# Visual Studio Version 17
VisualStudioVersion = 17.5.33530.505
MinimumVisualStudioVersion = 10.0.40219.1
Project("{FAE04EC0-301F-11D3-BF4B-00C04F79EFBC}") = "Quantifieroperator", "Quantifieroperator.csproj", "{C17F5DC2-C404-465E-9F18-E81152C43B41}"
EndProject
Global
	GlobalSection(SolutionConfigurationPlatforms) = preSolution
		Debug|Any CPU = Debug|Any CPU
		Release|Any CPU = Release|Any CPU
	EndGlobalSection
	GlobalSection(ProjectConfigurationPlatforms) = postSolution
		{C17F5DC2-C404-465E-9F18-E81152C43B41}.Debug|Any CPU.ActiveCfg = Debug|Any CPU
		{C17F5DC2-C404-465E-9F18-E81152C43B41}.Debug|Any CPU.Build.0 = Debug|Any CPU
		{C17F5DC2-C404-465E-9F18-E81152C43B41}.Release|Any CPU.ActiveCfg = Release|Any CPU
		{C17F5DC2-C404-465E-9F18-E81152C43B41}.Release|Any CPU.Build.0 = Release|Any CPU
	EndGlobalSection
	GlobalSection(SolutionProperties) = preSolution
		HideSolutionNode = FALSE
	EndGlobalSection
	GlobalSection(ExtensibilityGlobals) = postSolution
		SolutionGuid = {594D15EF-E4E4-465A-BA70-48465BA161BE}
	EndGlobalSection
EndGlobal
