
Microsoft Visual Studio Solution File, Format Version 12.00
# Visual Studio Version 17
VisualStudioVersion = 17.5.33530.505
MinimumVisualStudioVersion = 10.0.40219.1
Project("{FAE04EC0-301F-11D3-BF4B-00C04F79EFBC}") = "Fibonacci", "Fibonacci.csproj", "{074B7E48-7A73-4974-BDA3-DA0A4500F577}"
EndProject
Global
	GlobalSection(SolutionConfigurationPlatforms) = preSolution
		Debug|Any CPU = Debug|Any CPU
		Release|Any CPU = Release|Any CPU
	EndGlobalSection
	GlobalSection(ProjectConfigurationPlatforms) = postSolution
		{074B7E48-7A73-4974-BDA3-DA0A4500F577}.Debug|Any CPU.ActiveCfg = Debug|Any CPU
		{074B7E48-7A73-4974-BDA3-DA0A4500F577}.Debug|Any CPU.Build.0 = Debug|Any CPU
		{074B7E48-7A73-4974-BDA3-DA0A4500F577}.Release|Any CPU.ActiveCfg = Release|Any CPU
		{074B7E48-7A73-4974-BDA3-DA0A4500F577}.Release|Any CPU.Build.0 = Release|Any CPU
	EndGlobalSection
	GlobalSection(SolutionProperties) = preSolution
		HideSolutionNode = FALSE
	EndGlobalSection
	GlobalSection(ExtensibilityGlobals) = postSolution
		SolutionGuid = {DBCA6F62-8697-4E29-915C-70FA264EECF1}
	EndGlobalSection
EndGlobal
