
Microsoft Visual Studio Solution File, Format Version 12.00
# Visual Studio Version 17
VisualStudioVersion = 17.5.33530.505
MinimumVisualStudioVersion = 10.0.40219.1
Project("{FAE04EC0-301F-11D3-BF4B-00C04F79EFBC}") = "SortLINQOperator", "SortLINQOperator.csproj", "{121569E5-4006-409D-A16C-DC4C87A0E8B6}"
EndProject
Global
	GlobalSection(SolutionConfigurationPlatforms) = preSolution
		Debug|Any CPU = Debug|Any CPU
		Release|Any CPU = Release|Any CPU
	EndGlobalSection
	GlobalSection(ProjectConfigurationPlatforms) = postSolution
		{121569E5-4006-409D-A16C-DC4C87A0E8B6}.Debug|Any CPU.ActiveCfg = Debug|Any CPU
		{121569E5-4006-409D-A16C-DC4C87A0E8B6}.Debug|Any CPU.Build.0 = Debug|Any CPU
		{121569E5-4006-409D-A16C-DC4C87A0E8B6}.Release|Any CPU.ActiveCfg = Release|Any CPU
		{121569E5-4006-409D-A16C-DC4C87A0E8B6}.Release|Any CPU.Build.0 = Release|Any CPU
	EndGlobalSection
	GlobalSection(SolutionProperties) = preSolution
		HideSolutionNode = FALSE
	EndGlobalSection
	GlobalSection(ExtensibilityGlobals) = postSolution
		SolutionGuid = {2F4E7C01-C1A2-4FEE-99D6-8E25250A98D2}
	EndGlobalSection
EndGlobal
