
Microsoft Visual Studio Solution File, Format Version 12.00
# Visual Studio Version 17
VisualStudioVersion = 17.5.33530.505
MinimumVisualStudioVersion = 10.0.40219.1
Project("{FAE04EC0-301F-11D3-BF4B-00C04F79EFBC}") = "LINQ2", "LINQ2.csproj", "{DBD24380-45BD-4C7D-AD2A-2EC1D662ADF4}"
EndProject
Global
	GlobalSection(SolutionConfigurationPlatforms) = preSolution
		Debug|Any CPU = Debug|Any CPU
		Release|Any CPU = Release|Any CPU
	EndGlobalSection
	GlobalSection(ProjectConfigurationPlatforms) = postSolution
		{DBD24380-45BD-4C7D-AD2A-2EC1D662ADF4}.Debug|Any CPU.ActiveCfg = Debug|Any CPU
		{DBD24380-45BD-4C7D-AD2A-2EC1D662ADF4}.Debug|Any CPU.Build.0 = Debug|Any CPU
		{DBD24380-45BD-4C7D-AD2A-2EC1D662ADF4}.Release|Any CPU.ActiveCfg = Release|Any CPU
		{DBD24380-45BD-4C7D-AD2A-2EC1D662ADF4}.Release|Any CPU.Build.0 = Release|Any CPU
	EndGlobalSection
	GlobalSection(SolutionProperties) = preSolution
		HideSolutionNode = FALSE
	EndGlobalSection
	GlobalSection(ExtensibilityGlobals) = postSolution
		SolutionGuid = {DF635A03-BF9C-4C79-AD08-3C3FBA3DBC61}
	EndGlobalSection
EndGlobal
