
Microsoft Visual Studio Solution File, Format Version 12.00
# Visual Studio Version 17
VisualStudioVersion = 17.5.33530.505
MinimumVisualStudioVersion = 10.0.40219.1
Project("{FAE04EC0-301F-11D3-BF4B-00C04F79EFBC}") = "LINQ1", "LINQ1.csproj", "{EF424C3C-424F-40BB-8858-A436BD4D4260}"
EndProject
Global
	GlobalSection(SolutionConfigurationPlatforms) = preSolution
		Debug|Any CPU = Debug|Any CPU
		Release|Any CPU = Release|Any CPU
	EndGlobalSection
	GlobalSection(ProjectConfigurationPlatforms) = postSolution
		{EF424C3C-424F-40BB-8858-A436BD4D4260}.Debug|Any CPU.ActiveCfg = Debug|Any CPU
		{EF424C3C-424F-40BB-8858-A436BD4D4260}.Debug|Any CPU.Build.0 = Debug|Any CPU
		{EF424C3C-424F-40BB-8858-A436BD4D4260}.Release|Any CPU.ActiveCfg = Release|Any CPU
		{EF424C3C-424F-40BB-8858-A436BD4D4260}.Release|Any CPU.Build.0 = Release|Any CPU
	EndGlobalSection
	GlobalSection(SolutionProperties) = preSolution
		HideSolutionNode = FALSE
	EndGlobalSection
	GlobalSection(ExtensibilityGlobals) = postSolution
		SolutionGuid = {03F3A68B-E4B5-46F9-905D-12DE8BC52CD8}
	EndGlobalSection
EndGlobal
