
Microsoft Visual Studio Solution File, Format Version 12.00
# Visual Studio Version 17
VisualStudioVersion = 17.5.33530.505
MinimumVisualStudioVersion = 10.0.40219.1
Project("{FAE04EC0-301F-11D3-BF4B-00C04F79EFBC}") = "ThenByOperator", "ThenByOperator.csproj", "{D4268D76-34B9-4CA8-94FE-F4B542F0DF34}"
EndProject
Global
	GlobalSection(SolutionConfigurationPlatforms) = preSolution
		Debug|Any CPU = Debug|Any CPU
		Release|Any CPU = Release|Any CPU
	EndGlobalSection
	GlobalSection(ProjectConfigurationPlatforms) = postSolution
		{D4268D76-34B9-4CA8-94FE-F4B542F0DF34}.Debug|Any CPU.ActiveCfg = Debug|Any CPU
		{D4268D76-34B9-4CA8-94FE-F4B542F0DF34}.Debug|Any CPU.Build.0 = Debug|Any CPU
		{D4268D76-34B9-4CA8-94FE-F4B542F0DF34}.Release|Any CPU.ActiveCfg = Release|Any CPU
		{D4268D76-34B9-4CA8-94FE-F4B542F0DF34}.Release|Any CPU.Build.0 = Release|Any CPU
	EndGlobalSection
	GlobalSection(SolutionProperties) = preSolution
		HideSolutionNode = FALSE
	EndGlobalSection
	GlobalSection(ExtensibilityGlobals) = postSolution
		SolutionGuid = {652BFE4A-2CB4-4647-A0D7-211B83BEA0D7}
	EndGlobalSection
EndGlobal
